# This file is autogenerated, do not edit; changes may be undone by the next 'dep ensure'.


[[projects]]
  digest = "1:5d3e23515e7916c152cc665eda0f7eaf6fdf8fdfe7c3dbac97049bcbd649b33f"
  name = "github.com/Knetic/govaluate"
  packages = ["."]
  pruneopts = "UT"
  revision = "d216395917cc49052c7c7094cf57f09657ca08a8"
  version = "v3.0.0"

[[projects]]
  digest = "1:d3d1f7bfcaaa5cc56c36d010937e28d1c6c38810b95086cd445eb433b83cbf75"
  name = "github.com/casbin/casbin"
  packages = [
    ".",
    "config",
    "effect",
    "errors",
    "log",
    "model",
    "persist",
    "persist/file-adapter",
    "rbac",
    "rbac/default-role-manager",
    "util",
  ]
  pruneopts = "UT"
  revision = "aaed1b7a7eac65d37ec4e15e308429fdf0bd6a9e"
  version = "v1.9.1"

[[projects]]
  digest = "1:0594af97b2f4cec6554086eeace6597e20a4b69466eb4ada25adf9f4300dddd2"
  name = "github.com/garyburd/redigo"
  packages = [
    "internal",
    "redis",
  ]
  pruneopts = "UT"
  revision = "a69d19351219b6dd56f274f96d85a7014a2ec34e"
  version = "v1.6.0"

[[projects]]
  digest = "1:88f749786c4a99b228dd919447c77c818c3675511cb2debcf918999edfbbf3e2"
  name = "github.com/rafaeljusto/redigomock"
  packages = ["."]
  pruneopts = "UT"
  revision = "7ae0511314e9946bb0c87d6d485169ab2467a290"
  version = "v2.1"

[solve-meta]
  analyzer-name = "dep"
  analyzer-version = 1
  input-imports = [
    "github.com/casbin/casbin",
    "github.com/casbin/casbin/persist",
    "github.com/garyburd/redigo/redis",
    "github.com/rafaeljusto/redigomock",
  ]
  solver-name = "gps-cdcl"
  solver-version = 1
